
Microsoft Visual Studio Solution File, Format Version 11.00
# Visual Studio 2010
Project("{FAE04EC0-301F-11D3-BF4B-00C04F79EFBC}") = "RssNewsEngine", "RssNewsEngine\RssNewsEngine.csproj", "{0B7943C9-8633-45BB-AE3E-5C87443FE19B}"
EndProject
Global
	GlobalSection(SolutionConfigurationPlatforms) = preSolution
		Debug|Any CPU = Debug|Any CPU
		Release|Any CPU = Release|Any CPU
	EndGlobalSection
	GlobalSection(ProjectConfigurationPlatforms) = postSolution
		{0B7943C9-8633-45BB-AE3E-5C87443FE19B}.Debug|Any CPU.ActiveCfg = Debug|Any CPU
		{0B7943C9-8633-45BB-AE3E-5C87443FE19B}.Debug|Any CPU.Build.0 = Debug|Any CPU
		{0B7943C9-8633-45BB-AE3E-5C87443FE19B}.Release|Any CPU.ActiveCfg = Release|Any CPU
		{0B7943C9-8633-45BB-AE3E-5C87443FE19B}.Release|Any CPU.Build.0 = Release|Any CPU
	EndGlobalSection
	GlobalSection(SolutionProperties) = preSolution
		HideSolutionNode = FALSE
	EndGlobalSection
EndGlobal
